
Microsoft Visual Studio Solution File, Format Version 12.00
# Visual Studio Version 16
VisualStudioVersion = 16.0.32901.82
MinimumVisualStudioVersion = 10.0.40219.1
Project("{9092AA53-FB77-4645-B42D-1CCCA6BD08BD}") = "Weather App", "Weather App\Weather App.njsproj", "{696BC520-0024-4FF7-97D2-183C265F16E5}"
EndProject
Global
	GlobalSection(SolutionConfigurationPlatforms) = preSolution
		Debug|Any CPU = Debug|Any CPU
		Release|Any CPU = Release|Any CPU
	EndGlobalSection
	GlobalSection(ProjectConfigurationPlatforms) = postSolution
		{696BC520-0024-4FF7-97D2-183C265F16E5}.Debug|Any CPU.ActiveCfg = Debug|Any CPU
		{696BC520-0024-4FF7-97D2-183C265F16E5}.Debug|Any CPU.Build.0 = Debug|Any CPU
		{696BC520-0024-4FF7-97D2-183C265F16E5}.Release|Any CPU.ActiveCfg = Release|Any CPU
		{696BC520-0024-4FF7-97D2-183C265F16E5}.Release|Any CPU.Build.0 = Release|Any CPU
	EndGlobalSection
	GlobalSection(SolutionProperties) = preSolution
		HideSolutionNode = FALSE
	EndGlobalSection
	GlobalSection(ExtensibilityGlobals) = postSolution
		SolutionGuid = {1F8CD2FC-9B0C-4C4D-8B0A-F629691F96B8}
	EndGlobalSection
EndGlobal
